
Microsoft Visual Studio Solution File, Format Version 12.00
# Visual Studio Version 16
VisualStudioVersion = 16.0.29806.167
MinimumVisualStudioVersion = 10.0.40219.1
Project("{9A19103F-16F7-4668-BE54-9A1E7A4F7556}") = "AnsiColors", "AnsiColors\AnsiColors.csproj", "{6F4E71E4-2382-4B50-AE9D-388CC0EB86B1}"
EndProject
Project("{2150E333-8FDC-42A3-9474-1A3956D46DE8}") = "Solution Items", "Solution Items", "{DE0DCF36-F811-4574-B009-BBDB3FFBD1F8}"
	ProjectSection(SolutionItems) = preProject
		.editorconfig = .editorconfig
	EndProjectSection
EndProject
Project("{FAE04EC0-301F-11D3-BF4B-00C04F79EFBC}") = "AnsiColors.Test", "AnsiColors.Test\AnsiColors.Test.csproj", "{A88AEA38-01B8-48CF-B140-6C43F293676F}"
EndProject
Global
	GlobalSection(SolutionConfigurationPlatforms) = preSolution
		Debug|Any CPU = Debug|Any CPU
		Release|Any CPU = Release|Any CPU
	EndGlobalSection
	GlobalSection(ProjectConfigurationPlatforms) = postSolution
		{6F4E71E4-2382-4B50-AE9D-388CC0EB86B1}.Debug|Any CPU.ActiveCfg = Debug|Any CPU
		{6F4E71E4-2382-4B50-AE9D-388CC0EB86B1}.Debug|Any CPU.Build.0 = Debug|Any CPU
		{6F4E71E4-2382-4B50-AE9D-388CC0EB86B1}.Release|Any CPU.ActiveCfg = Release|Any CPU
		{6F4E71E4-2382-4B50-AE9D-388CC0EB86B1}.Release|Any CPU.Build.0 = Release|Any CPU
		{A88AEA38-01B8-48CF-B140-6C43F293676F}.Debug|Any CPU.ActiveCfg = Debug|Any CPU
		{A88AEA38-01B8-48CF-B140-6C43F293676F}.Debug|Any CPU.Build.0 = Debug|Any CPU
		{A88AEA38-01B8-48CF-B140-6C43F293676F}.Release|Any CPU.ActiveCfg = Release|Any CPU
		{A88AEA38-01B8-48CF-B140-6C43F293676F}.Release|Any CPU.Build.0 = Release|Any CPU
	EndGlobalSection
	GlobalSection(SolutionProperties) = preSolution
		HideSolutionNode = FALSE
	EndGlobalSection
	GlobalSection(ExtensibilityGlobals) = postSolution
		SolutionGuid = {21FF4EA5-489F-463F-96F8-001CAAC4AD8D}
	EndGlobalSection
EndGlobal
